
Microsoft Visual Studio Solution File, Format Version 12.00
# Visual Studio Version 16
VisualStudioVersion = 16.0.31410.357
MinimumVisualStudioVersion = 10.0.40219.1
Project("{9A19103F-16F7-4668-BE54-9A1E7A4F7556}") = "MMLib.MediatR.Generators", "src\MMLib.MediatR.Generators.csproj", "{70404BC9-B6F6-4A1B-AB8B-E20C8DAAF12D}"
EndProject
Project("{9A19103F-16F7-4668-BE54-9A1E7A4F7556}") = "MMLib.MediatR.Generators.IntegrationTests", "tests\MMLib.MediatR.Generators.IntegrationTests.csproj", "{B8EB7817-A537-403C-B0D4-A32244EDD003}"
EndProject
Project("{9A19103F-16F7-4668-BE54-9A1E7A4F7556}") = "MMLib.MediatR.Generators.Demo", "demo\MMLib.MediatR.Generators.Demo.csproj", "{93A2B7B7-3E8A-4868-84A1-688294E9E811}"
EndProject
Global
	GlobalSection(SolutionConfigurationPlatforms) = preSolution
		Debug|Any CPU = Debug|Any CPU
		Release|Any CPU = Release|Any CPU
	EndGlobalSection
	GlobalSection(ProjectConfigurationPlatforms) = postSolution
		{70404BC9-B6F6-4A1B-AB8B-E20C8DAAF12D}.Debug|Any CPU.ActiveCfg = Debug|Any CPU
		{70404BC9-B6F6-4A1B-AB8B-E20C8DAAF12D}.Debug|Any CPU.Build.0 = Debug|Any CPU
		{70404BC9-B6F6-4A1B-AB8B-E20C8DAAF12D}.Release|Any CPU.ActiveCfg = Release|Any CPU
		{70404BC9-B6F6-4A1B-AB8B-E20C8DAAF12D}.Release|Any CPU.Build.0 = Release|Any CPU
		{B8EB7817-A537-403C-B0D4-A32244EDD003}.Debug|Any CPU.ActiveCfg = Debug|Any CPU
		{B8EB7817-A537-403C-B0D4-A32244EDD003}.Debug|Any CPU.Build.0 = Debug|Any CPU
		{B8EB7817-A537-403C-B0D4-A32244EDD003}.Release|Any CPU.ActiveCfg = Release|Any CPU
		{B8EB7817-A537-403C-B0D4-A32244EDD003}.Release|Any CPU.Build.0 = Release|Any CPU
		{93A2B7B7-3E8A-4868-84A1-688294E9E811}.Debug|Any CPU.ActiveCfg = Debug|Any CPU
		{93A2B7B7-3E8A-4868-84A1-688294E9E811}.Debug|Any CPU.Build.0 = Debug|Any CPU
		{93A2B7B7-3E8A-4868-84A1-688294E9E811}.Release|Any CPU.ActiveCfg = Release|Any CPU
		{93A2B7B7-3E8A-4868-84A1-688294E9E811}.Release|Any CPU.Build.0 = Release|Any CPU
	EndGlobalSection
	GlobalSection(SolutionProperties) = preSolution
		HideSolutionNode = FALSE
	EndGlobalSection
	GlobalSection(ExtensibilityGlobals) = postSolution
		SolutionGuid = {7FCC8154-A67B-4623-A91B-32AA29D47E87}
	EndGlobalSection
EndGlobal
